// !$*UTF8*$!
{
	archiveVersion = 1;
	classes = {
	};
	objectVersion = 52;
	objects = {

/* Begin PBXBuildFile section */
		CD528B5423ABA79B00E52317 /* CircularAvatarView.swift in Sources */ = {isa = PBXBuildFile; fileRef = CD528B5323ABA79B00E52317 /* CircularAvatarView.swift */; };
		CD528B5C23ACAB5C00E52317 /* AvatarGroupView.swift in Sources */ = {isa = PBXBuildFile; fileRef = CD528B5B23ACAB5C00E52317 /* AvatarGroupView.swift */; };
		CD528B6123AF5CBF00E52317 /* MovieListView.swift in Sources */ = {isa = PBXBuildFile; fileRef = CD528B6023AF5CBF00E52317 /* MovieListView.swift */; };
		CD528B6623AF75BE00E52317 /* Movie.swift in Sources */ = {isa = PBXBuildFile; fileRef = CD528B6523AF75BE00E52317 /* Movie.swift */; };
		CD528B6A23AF7DBE00E52317 /* TmdbAPI.swift in Sources */ = {isa = PBXBuildFile; fileRef = CD528B6923AF7DBE00E52317 /* TmdbAPI.swift */; };
		CD528B6C23AF7E5E00E52317 /* MovieGridScrollView.swift in Sources */ = {isa = PBXBuildFile; fileRef = CD528B6B23AF7E5E00E52317 /* MovieGridScrollView.swift */; };
		CD528B7023AF982400E52317 /* MovieDetailView.swift in Sources */ = {isa = PBXBuildFile; fileRef = CD528B6F23AF982400E52317 /* MovieDetailView.swift */; };
		CD528B7323B05C2B00E52317 /* ReSwift in Frameworks */ = {isa = PBXBuildFile; productRef = CD528B7223B05C2B00E52317 /* ReSwift */; };
		CD86176323B0DBAD00FE1024 /* .swiftformat in Resources */ = {isa = PBXBuildFile; fileRef = CD86176123B0DBAD00FE1024 /* .swiftformat */; };
		CD86176623B4588000FE1024 /* SwiftUIFlux in Frameworks */ = {isa = PBXBuildFile; productRef = CD86176523B4588000FE1024 /* SwiftUIFlux */; };
		CD86176D23B4E9CB00FE1024 /* State.swift in Sources */ = {isa = PBXBuildFile; fileRef = CD86176C23B4E9CB00FE1024 /* State.swift */; };
		CD86176E23B4E9CB00FE1024 /* State.swift in Sources */ = {isa = PBXBuildFile; fileRef = CD86176C23B4E9CB00FE1024 /* State.swift */; };
		CD86177023B4EB3F00FE1024 /* Reducers.swift in Sources */ = {isa = PBXBuildFile; fileRef = CD86176F23B4EB3F00FE1024 /* Reducers.swift */; };
		CD86177123B4EB3F00FE1024 /* Reducers.swift in Sources */ = {isa = PBXBuildFile; fileRef = CD86176F23B4EB3F00FE1024 /* Reducers.swift */; };
		CD86177323B4EFC600FE1024 /* Stores.swift in Sources */ = {isa = PBXBuildFile; fileRef = CD86177223B4EFC600FE1024 /* Stores.swift */; };
		CD86177423B4EFC600FE1024 /* Stores.swift in Sources */ = {isa = PBXBuildFile; fileRef = CD86177223B4EFC600FE1024 /* Stores.swift */; };
		CD86177523B4F13400FE1024 /* Movie.swift in Sources */ = {isa = PBXBuildFile; fileRef = CD528B6523AF75BE00E52317 /* Movie.swift */; };
		CD86177623B4F13800FE1024 /* TmdbAPI.swift in Sources */ = {isa = PBXBuildFile; fileRef = CD528B6923AF7DBE00E52317 /* TmdbAPI.swift */; };
		CD86177823B4F35A00FE1024 /* Actions.swift in Sources */ = {isa = PBXBuildFile; fileRef = CD86177723B4F35A00FE1024 /* Actions.swift */; };
		CD86177923B4F35A00FE1024 /* Actions.swift in Sources */ = {isa = PBXBuildFile; fileRef = CD86177723B4F35A00FE1024 /* Actions.swift */; };
		CDB825942394C9D000B06065 /* AppDelegate.swift in Sources */ = {isa = PBXBuildFile; fileRef = CDB825932394C9D000B06065 /* AppDelegate.swift */; };
		CDB825962394C9D000B06065 /* SceneDelegate.swift in Sources */ = {isa = PBXBuildFile; fileRef = CDB825952394C9D000B06065 /* SceneDelegate.swift */; };
		CDB8259A2394C9D200B06065 /* Assets.xcassets in Resources */ = {isa = PBXBuildFile; fileRef = CDB825992394C9D200B06065 /* Assets.xcassets */; };
		CDB8259D2394C9D200B06065 /* Preview Assets.xcassets in Resources */ = {isa = PBXBuildFile; fileRef = CDB8259C2394C9D200B06065 /* Preview Assets.xcassets */; };
		CDB825A02394C9D200B06065 /* LaunchScreen.storyboard in Resources */ = {isa = PBXBuildFile; fileRef = CDB8259E2394C9D200B06065 /* LaunchScreen.storyboard */; };
		CDB825AB2394C9D200B06065 /* Movie_NightTests.swift in Sources */ = {isa = PBXBuildFile; fileRef = CDB825AA2394C9D200B06065 /* Movie_NightTests.swift */; };
/* End PBXBuildFile section */

/* Begin PBXContainerItemProxy section */
		CDB825A72394C9D200B06065 /* PBXContainerItemProxy */ = {
			isa = PBXContainerItemProxy;
			containerPortal = CDB825882394C9D000B06065 /* Project object */;
			proxyType = 1;
			remoteGlobalIDString = CDB8258F2394C9D000B06065;
			remoteInfo = "Movie Night";
		};
/* End PBXContainerItemProxy section */

/* Begin PBXFileReference section */
		CD528B5323ABA79B00E52317 /* CircularAvatarView.swift */ = {isa = PBXFileReference; lastKnownFileType = sourcecode.swift; path = CircularAvatarView.swift; sourceTree = "<group>"; };
		CD528B5B23ACAB5C00E52317 /* AvatarGroupView.swift */ = {isa = PBXFileReference; lastKnownFileType = sourcecode.swift; path = AvatarGroupView.swift; sourceTree = "<group>"; };
		CD528B6023AF5CBF00E52317 /* MovieListView.swift */ = {isa = PBXFileReference; lastKnownFileType = sourcecode.swift; path = MovieListView.swift; sourceTree = "<group>"; };
		CD528B6523AF75BE00E52317 /* Movie.swift */ = {isa = PBXFileReference; lastKnownFileType = sourcecode.swift; path = Movie.swift; sourceTree = "<group>"; };
		CD528B6923AF7DBE00E52317 /* TmdbAPI.swift */ = {isa = PBXFileReference; lastKnownFileType = sourcecode.swift; path = TmdbAPI.swift; sourceTree = "<group>"; };
		CD528B6B23AF7E5E00E52317 /* MovieGridScrollView.swift */ = {isa = PBXFileReference; fileEncoding = 4; lastKnownFileType = sourcecode.swift; path = MovieGridScrollView.swift; sourceTree = "<group>"; };
		CD528B6F23AF982400E52317 /* MovieDetailView.swift */ = {isa = PBXFileReference; lastKnownFileType = sourcecode.swift; path = MovieDetailView.swift; sourceTree = "<group>"; };
		CD86176123B0DBAD00FE1024 /* .swiftformat */ = {isa = PBXFileReference; fileEncoding = 4; lastKnownFileType = text; path = .swiftformat; sourceTree = "<group>"; };
		CD86176C23B4E9CB00FE1024 /* State.swift */ = {isa = PBXFileReference; lastKnownFileType = sourcecode.swift; path = State.swift; sourceTree = "<group>"; };
		CD86176F23B4EB3F00FE1024 /* Reducers.swift */ = {isa = PBXFileReference; lastKnownFileType = sourcecode.swift; path = Reducers.swift; sourceTree = "<group>"; };
		CD86177223B4EFC600FE1024 /* Stores.swift */ = {isa = PBXFileReference; lastKnownFileType = sourcecode.swift; path = Stores.swift; sourceTree = "<group>"; };
		CD86177723B4F35A00FE1024 /* Actions.swift */ = {isa = PBXFileReference; lastKnownFileType = sourcecode.swift; path = Actions.swift; sourceTree = "<group>"; };
		CDB825902394C9D000B06065 /* Movie Night.app */ = {isa = PBXFileReference; explicitFileType = wrapper.application; includeInIndex = 0; path = "Movie Night.app"; sourceTree = BUILT_PRODUCTS_DIR; };
		CDB825932394C9D000B06065 /* AppDelegate.swift */ = {isa = PBXFileReference; lastKnownFileType = sourcecode.swift; path = AppDelegate.swift; sourceTree = "<group>"; };
		CDB825952394C9D000B06065 /* SceneDelegate.swift */ = {isa = PBXFileReference; lastKnownFileType = sourcecode.swift; path = SceneDelegate.swift; sourceTree = "<group>"; };
		CDB825992394C9D200B06065 /* Assets.xcassets */ = {isa = PBXFileReference; lastKnownFileType = folder.assetcatalog; path = Assets.xcassets; sourceTree = "<group>"; };
		CDB8259C2394C9D200B06065 /* Preview Assets.xcassets */ = {isa = PBXFileReference; lastKnownFileType = folder.assetcatalog; path = "Preview Assets.xcassets"; sourceTree = "<group>"; };
		CDB8259F2394C9D200B06065 /* Base */ = {isa = PBXFileReference; lastKnownFileType = file.storyboard; name = Base; path = Base.lproj/LaunchScreen.storyboard; sourceTree = "<group>"; };
		CDB825A12394C9D200B06065 /* Info.plist */ = {isa = PBXFileReference; lastKnownFileType = text.plist.xml; path = Info.plist; sourceTree = "<group>"; };
		CDB825A62394C9D200B06065 /* Movie NightTests.xctest */ = {isa = PBXFileReference; explicitFileType = wrapper.cfbundle; includeInIndex = 0; path = "Movie NightTests.xctest"; sourceTree = BUILT_PRODUCTS_DIR; };
		CDB825AA2394C9D200B06065 /* Movie_NightTests.swift */ = {isa = PBXFileReference; lastKnownFileType = sourcecode.swift; path = Movie_NightTests.swift; sourceTree = "<group>"; };
		CDB825AC2394C9D200B06065 /* Info.plist */ = {isa = PBXFileReference; lastKnownFileType = text.plist.xml; path = Info.plist; sourceTree = "<group>"; };
/* End PBXFileReference section */

/* Begin PBXFrameworksBuildPhase section */
		CDB8258D2394C9D000B06065 /* Frameworks */ = {
			isa = PBXFrameworksBuildPhase;
			buildActionMask = 2147483647;
			files = (
				CD528B7323B05C2B00E52317 /* ReSwift in Frameworks */,
				CD86176623B4588000FE1024 /* SwiftUIFlux in Frameworks */,
			);
			runOnlyForDeploymentPostprocessing = 0;
		};
		CDB825A32394C9D200B06065 /* Frameworks */ = {
			isa = PBXFrameworksBuildPhase;
			buildActionMask = 2147483647;
			files = (
			);
			runOnlyForDeploymentPostprocessing = 0;
		};
/* End PBXFrameworksBuildPhase section */

/* Begin PBXGroup section */
		CD528B5223ABA73000E52317 /* UI */ = {
			isa = PBXGroup;
			children = (
				CD86176A23B4E63800FE1024 /* Components */,
				CD86176923B4E62E00FE1024 /* Screens */,
			);
			path = UI;
			sourceTree = "<group>";
		};
		CD528B6423AF758100E52317 /* Models */ = {
			isa = PBXGroup;
			children = (
				CD528B6523AF75BE00E52317 /* Movie.swift */,
				CD528B6923AF7DBE00E52317 /* TmdbAPI.swift */,
			);
			path = Models;
			sourceTree = "<group>";
		};
		CD86176723B4E17500FE1024 /* Resources */ = {
			isa = PBXGroup;
			children = (
				CDB825992394C9D200B06065 /* Assets.xcassets */,
				CDB825A12394C9D200B06065 /* Info.plist */,
				CDB8259E2394C9D200B06065 /* LaunchScreen.storyboard */,
				CDB8259C2394C9D200B06065 /* Preview Assets.xcassets */,
			);
			path = Resources;
			sourceTree = "<group>";
		};
		CD86176823B4E58C00FE1024 /* System */ = {
			isa = PBXGroup;
			children = (
				CDB825932394C9D000B06065 /* AppDelegate.swift */,
				CDB825952394C9D000B06065 /* SceneDelegate.swift */,
			);
			path = System;
			sourceTree = "<group>";
		};
		CD86176923B4E62E00FE1024 /* Screens */ = {
			isa = PBXGroup;
			children = (
				CD528B6F23AF982400E52317 /* MovieDetailView.swift */,
				CD528B6023AF5CBF00E52317 /* MovieListView.swift */,
			);
			path = Screens;
			sourceTree = "<group>";
		};
		CD86176A23B4E63800FE1024 /* Components */ = {
			isa = PBXGroup;
			children = (
				CD528B5B23ACAB5C00E52317 /* AvatarGroupView.swift */,
				CD528B5323ABA79B00E52317 /* CircularAvatarView.swift */,
				CD528B6B23AF7E5E00E52317 /* MovieGridScrollView.swift */,
			);
			path = Components;
			sourceTree = "<group>";
		};
		CD86176B23B4E9A400FE1024 /* State */ = {
			isa = PBXGroup;
			children = (
				CD86177723B4F35A00FE1024 /* Actions.swift */,
				CD86176F23B4EB3F00FE1024 /* Reducers.swift */,
				CD86176C23B4E9CB00FE1024 /* State.swift */,
				CD86177223B4EFC600FE1024 /* Stores.swift */,
			);
			path = State;
			sourceTree = "<group>";
		};
		CDB825872394C9D000B06065 = {
			isa = PBXGroup;
			children = (
				CD86176123B0DBAD00FE1024 /* .swiftformat */,
				CDB825922394C9D000B06065 /* Movie Night */,
				CDB825A92394C9D200B06065 /* Movie NightTests */,
				CDB825912394C9D000B06065 /* Products */,
			);
			sourceTree = "<group>";
		};
		CDB825912394C9D000B06065 /* Products */ = {
			isa = PBXGroup;
			children = (
				CDB825902394C9D000B06065 /* Movie Night.app */,
				CDB825A62394C9D200B06065 /* Movie NightTests.xctest */,
			);
			name = Products;
			sourceTree = "<group>";
		};
		CDB825922394C9D000B06065 /* Movie Night */ = {
			isa = PBXGroup;
			children = (
				CD528B5223ABA73000E52317 /* UI */,
				CD86176B23B4E9A400FE1024 /* State */,
				CD528B6423AF758100E52317 /* Models */,
				CD86176823B4E58C00FE1024 /* System */,
				CD86176723B4E17500FE1024 /* Resources */,
			);
			path = "Movie Night";
			sourceTree = "<group>";
		};
		CDB825A92394C9D200B06065 /* Movie NightTests */ = {
			isa = PBXGroup;
			children = (
				CDB825AC2394C9D200B06065 /* Info.plist */,
				CDB825AA2394C9D200B06065 /* Movie_NightTests.swift */,
			);
			path = "Movie NightTests";
			sourceTree = "<group>";
		};
/* End PBXGroup section */

/* Begin PBXNativeTarget section */
		CDB8258F2394C9D000B06065 /* Movie Night */ = {
			isa = PBXNativeTarget;
			buildConfigurationList = CDB825AF2394C9D200B06065 /* Build configuration list for PBXNativeTarget "Movie Night" */;
			buildPhases = (
				CDDD459623B0977700B87BCF /* ShellScript */,
				CDB8258C2394C9D000B06065 /* Sources */,
				CDB8258D2394C9D000B06065 /* Frameworks */,
				CDB8258E2394C9D000B06065 /* Resources */,
			);
			buildRules = (
			);
			dependencies = (
			);
			name = "Movie Night";
			packageProductDependencies = (
				CD528B7223B05C2B00E52317 /* ReSwift */,
				CD86176523B4588000FE1024 /* SwiftUIFlux */,
			);
			productName = "Movie Night";
			productReference = CDB825902394C9D000B06065 /* Movie Night.app */;
			productType = "com.apple.product-type.application";
		};
		CDB825A52394C9D200B06065 /* Movie NightTests */ = {
			isa = PBXNativeTarget;
			buildConfigurationList = CDB825B22394C9D200B06065 /* Build configuration list for PBXNativeTarget "Movie NightTests" */;
			buildPhases = (
				CDB825A22394C9D200B06065 /* Sources */,
				CDB825A32394C9D200B06065 /* Frameworks */,
				CDB825A42394C9D200B06065 /* Resources */,
			);
			buildRules = (
			);
			dependencies = (
				CDB825A82394C9D200B06065 /* PBXTargetDependency */,
			);
			name = "Movie NightTests";
			productName = "Movie NightTests";
			productReference = CDB825A62394C9D200B06065 /* Movie NightTests.xctest */;
			productType = "com.apple.product-type.bundle.unit-test";
		};
/* End PBXNativeTarget section */

/* Begin PBXProject section */
		CDB825882394C9D000B06065 /* Project object */ = {
			isa = PBXProject;
			attributes = {
				LastSwiftUpdateCheck = 1120;
				LastUpgradeCheck = 1120;
				ORGANIZATIONNAME = Wildlings;
				TargetAttributes = {
					CDB8258F2394C9D000B06065 = {
						CreatedOnToolsVersion = 11.2.1;
					};
					CDB825A52394C9D200B06065 = {
						CreatedOnToolsVersion = 11.2.1;
						TestTargetID = CDB8258F2394C9D000B06065;
					};
				};
			};
			buildConfigurationList = CDB8258B2394C9D000B06065 /* Build configuration list for PBXProject "Movie Night" */;
			compatibilityVersion = "Xcode 9.3";
			developmentRegion = en;
			hasScannedForEncodings = 0;
			knownRegions = (
				en,
				Base,
			);
			mainGroup = CDB825872394C9D000B06065;
			packageReferences = (
				CD528B7123B05C2B00E52317 /* XCRemoteSwiftPackageReference "ReSwift" */,
				CD86176423B4588000FE1024 /* XCRemoteSwiftPackageReference "SwiftUIFlux" */,
			);
			productRefGroup = CDB825912394C9D000B06065 /* Products */;
			projectDirPath = "";
			projectRoot = "";
			targets = (
				CDB8258F2394C9D000B06065 /* Movie Night */,
				CDB825A52394C9D200B06065 /* Movie NightTests */,
			);
		};
/* End PBXProject section */

/* Begin PBXResourcesBuildPhase section */
		CDB8258E2394C9D000B06065 /* Resources */ = {
			isa = PBXResourcesBuildPhase;
			buildActionMask = 2147483647;
			files = (
				CDB825A02394C9D200B06065 /* LaunchScreen.storyboard in Resources */,
				CDB8259D2394C9D200B06065 /* Preview Assets.xcassets in Resources */,
				CDB8259A2394C9D200B06065 /* Assets.xcassets in Resources */,
			);
			runOnlyForDeploymentPostprocessing = 0;
		};
		CDB825A42394C9D200B06065 /* Resources */ = {
			isa = PBXResourcesBuildPhase;
			buildActionMask = 2147483647;
			files = (
				CD86176323B0DBAD00FE1024 /* .swiftformat in Resources */,
			);
			runOnlyForDeploymentPostprocessing = 0;
		};
/* End PBXResourcesBuildPhase section */

/* Begin PBXShellScriptBuildPhase section */
		CDDD459623B0977700B87BCF /* ShellScript */ = {
			isa = PBXShellScriptBuildPhase;
			buildActionMask = 2147483647;
			files = (
			);
			inputFileListPaths = (
			);
			inputPaths = (
			);
			outputFileListPaths = (
			);
			outputPaths = (
			);
			runOnlyForDeploymentPostprocessing = 0;
			shellPath = /bin/sh;
			shellScript = "if which swiftformat >/dev/null; then\n  swiftformat --lint .\nelse\n  echo \"warning: SwiftFormat not installed, download from https://github.com/nicklockwood/SwiftFormat\"\nfi\n";
		};
/* End PBXShellScriptBuildPhase section */

/* Begin PBXSourcesBuildPhase section */
		CDB8258C2394C9D000B06065 /* Sources */ = {
			isa = PBXSourcesBuildPhase;
			buildActionMask = 2147483647;
			files = (
				CDB825942394C9D000B06065 /* AppDelegate.swift in Sources */,
				CD86177823B4F35A00FE1024 /* Actions.swift in Sources */,
				CD528B6C23AF7E5E00E52317 /* MovieGridScrollView.swift in Sources */,
				CD528B6A23AF7DBE00E52317 /* TmdbAPI.swift in Sources */,
				CD86176D23B4E9CB00FE1024 /* State.swift in Sources */,
				CD528B7023AF982400E52317 /* MovieDetailView.swift in Sources */,
				CD528B6123AF5CBF00E52317 /* MovieListView.swift in Sources */,
				CD528B6623AF75BE00E52317 /* Movie.swift in Sources */,
				CDB825962394C9D000B06065 /* SceneDelegate.swift in Sources */,
				CD528B5C23ACAB5C00E52317 /* AvatarGroupView.swift in Sources */,
				CD86177023B4EB3F00FE1024 /* Reducers.swift in Sources */,
				CD528B5423ABA79B00E52317 /* CircularAvatarView.swift in Sources */,
				CD86177323B4EFC600FE1024 /* Stores.swift in Sources */,
			);
			runOnlyForDeploymentPostprocessing = 0;
		};
		CDB825A22394C9D200B06065 /* Sources */ = {
			isa = PBXSourcesBuildPhase;
			buildActionMask = 2147483647;
			files = (
				CD86177123B4EB3F00FE1024 /* Reducers.swift in Sources */,
				CD86177623B4F13800FE1024 /* TmdbAPI.swift in Sources */,
				CDB825AB2394C9D200B06065 /* Movie_NightTests.swift in Sources */,
				CD86176E23B4E9CB00FE1024 /* State.swift in Sources */,
				CD86177423B4EFC600FE1024 /* Stores.swift in Sources */,
				CD86177523B4F13400FE1024 /* Movie.swift in Sources */,
				CD86177923B4F35A00FE1024 /* Actions.swift in Sources */,
			);
			runOnlyForDeploymentPostprocessing = 0;
		};
/* End PBXSourcesBuildPhase section */

/* Begin PBXTargetDependency section */
		CDB825A82394C9D200B06065 /* PBXTargetDependency */ = {
			isa = PBXTargetDependency;
			target = CDB8258F2394C9D000B06065 /* Movie Night */;
			targetProxy = CDB825A72394C9D200B06065 /* PBXContainerItemProxy */;
		};
/* End PBXTargetDependency section */

/* Begin PBXVariantGroup section */
		CDB8259E2394C9D200B06065 /* LaunchScreen.storyboard */ = {
			isa = PBXVariantGroup;
			children = (
				CDB8259F2394C9D200B06065 /* Base */,
			);
			name = LaunchScreen.storyboard;
			sourceTree = "<group>";
		};
/* End PBXVariantGroup section */

/* Begin XCBuildConfiguration section */
		CDB825AD2394C9D200B06065 /* Debug */ = {
			isa = XCBuildConfiguration;
			buildSettings = {
				ALWAYS_SEARCH_USER_PATHS = NO;
				CLANG_ANALYZER_NONNULL = YES;
				CLANG_ANALYZER_NUMBER_OBJECT_CONVERSION = YES_AGGRESSIVE;
				CLANG_CXX_LANGUAGE_STANDARD = "gnu++14";
				CLANG_CXX_LIBRARY = "libc++";
				CLANG_ENABLE_MODULES = YES;
				CLANG_ENABLE_OBJC_ARC = YES;
				CLANG_ENABLE_OBJC_WEAK = YES;
				CLANG_WARN_BLOCK_CAPTURE_AUTORELEASING = YES;
				CLANG_WARN_BOOL_CONVERSION = YES;
				CLANG_WARN_COMMA = YES;
				CLANG_WARN_CONSTANT_CONVERSION = YES;
				CLANG_WARN_DEPRECATED_OBJC_IMPLEMENTATIONS = YES;
				CLANG_WARN_DIRECT_OBJC_ISA_USAGE = YES_ERROR;
				CLANG_WARN_DOCUMENTATION_COMMENTS = YES;
				CLANG_WARN_EMPTY_BODY = YES;
				CLANG_WARN_ENUM_CONVERSION = YES;
				CLANG_WARN_INFINITE_RECURSION = YES;
				CLANG_WARN_INT_CONVERSION = YES;
				CLANG_WARN_NON_LITERAL_NULL_CONVERSION = YES;
				CLANG_WARN_OBJC_IMPLICIT_RETAIN_SELF = YES;
				CLANG_WARN_OBJC_LITERAL_CONVERSION = YES;
				CLANG_WARN_OBJC_ROOT_CLASS = YES_ERROR;
				CLANG_WARN_RANGE_LOOP_ANALYSIS = YES;
				CLANG_WARN_STRICT_PROTOTYPES = YES;
				CLANG_WARN_SUSPICIOUS_MOVE = YES;
				CLANG_WARN_UNGUARDED_AVAILABILITY = YES_AGGRESSIVE;
				CLANG_WARN_UNREACHABLE_CODE = YES;
				CLANG_WARN__DUPLICATE_METHOD_MATCH = YES;
				COPY_PHASE_STRIP = NO;
				DEBUG_INFORMATION_FORMAT = dwarf;
				ENABLE_STRICT_OBJC_MSGSEND = YES;
				ENABLE_TESTABILITY = YES;
				GCC_C_LANGUAGE_STANDARD = gnu11;
				GCC_DYNAMIC_NO_PIC = NO;
				GCC_NO_COMMON_BLOCKS = YES;
				GCC_OPTIMIZATION_LEVEL = 0;
				GCC_PREPROCESSOR_DEFINITIONS = (
					"DEBUG=1",
					"$(inherited)",
				);
				GCC_WARN_64_TO_32_BIT_CONVERSION = YES;
				GCC_WARN_ABOUT_RETURN_TYPE = YES_ERROR;
				GCC_WARN_UNDECLARED_SELECTOR = YES;
				GCC_WARN_UNINITIALIZED_AUTOS = YES_AGGRESSIVE;
				GCC_WARN_UNUSED_FUNCTION = YES;
				GCC_WARN_UNUSED_VARIABLE = YES;
				IPHONEOS_DEPLOYMENT_TARGET = 13.2;
				MTL_ENABLE_DEBUG_INFO = INCLUDE_SOURCE;
				MTL_FAST_MATH = YES;
				ONLY_ACTIVE_ARCH = YES;
				SDKROOT = iphoneos;
				SWIFT_ACTIVE_COMPILATION_CONDITIONS = DEBUG;
				SWIFT_OPTIMIZATION_LEVEL = "-Onone";
			};
			name = Debug;
		};
		CDB825AE2394C9D200B06065 /* Release */ = {
			isa = XCBuildConfiguration;
			buildSettings = {
				ALWAYS_SEARCH_USER_PATHS = NO;
				CLANG_ANALYZER_NONNULL = YES;
				CLANG_ANALYZER_NUMBER_OBJECT_CONVERSION = YES_AGGRESSIVE;
				CLANG_CXX_LANGUAGE_STANDARD = "gnu++14";
				CLANG_CXX_LIBRARY = "libc++";
				CLANG_ENABLE_MODULES = YES;
				CLANG_ENABLE_OBJC_ARC = YES;
				CLANG_ENABLE_OBJC_WEAK = YES;
				CLANG_WARN_BLOCK_CAPTURE_AUTORELEASING = YES;
				CLANG_WARN_BOOL_CONVERSION = YES;
				CLANG_WARN_COMMA = YES;
				CLANG_WARN_CONSTANT_CONVERSION = YES;
				CLANG_WARN_DEPRECATED_OBJC_IMPLEMENTATIONS = YES;
				CLANG_WARN_DIRECT_OBJC_ISA_USAGE = YES_ERROR;
				CLANG_WARN_DOCUMENTATION_COMMENTS = YES;
				CLANG_WARN_EMPTY_BODY = YES;
				CLANG_WARN_ENUM_CONVERSION = YES;
				CLANG_WARN_INFINITE_RECURSION = YES;
				CLANG_WARN_INT_CONVERSION = YES;
				CLANG_WARN_NON_LITERAL_NULL_CONVERSION = YES;
				CLANG_WARN_OBJC_IMPLICIT_RETAIN_SELF = YES;
				CLANG_WARN_OBJC_LITERAL_CONVERSION = YES;
				CLANG_WARN_OBJC_ROOT_CLASS = YES_ERROR;
				CLANG_WARN_RANGE_LOOP_ANALYSIS = YES;
				CLANG_WARN_STRICT_PROTOTYPES = YES;
				CLANG_WARN_SUSPICIOUS_MOVE = YES;
				CLANG_WARN_UNGUARDED_AVAILABILITY = YES_AGGRESSIVE;
				CLANG_WARN_UNREACHABLE_CODE = YES;
				CLANG_WARN__DUPLICATE_METHOD_MATCH = YES;
				COPY_PHASE_STRIP = NO;
				DEBUG_INFORMATION_FORMAT = "dwarf-with-dsym";
				ENABLE_NS_ASSERTIONS = NO;
				ENABLE_STRICT_OBJC_MSGSEND = YES;
				GCC_C_LANGUAGE_STANDARD = gnu11;
				GCC_NO_COMMON_BLOCKS = YES;
				GCC_WARN_64_TO_32_BIT_CONVERSION = YES;
				GCC_WARN_ABOUT_RETURN_TYPE = YES_ERROR;
				GCC_WARN_UNDECLARED_SELECTOR = YES;
				GCC_WARN_UNINITIALIZED_AUTOS = YES_AGGRESSIVE;
				GCC_WARN_UNUSED_FUNCTION = YES;
				GCC_WARN_UNUSED_VARIABLE = YES;
				IPHONEOS_DEPLOYMENT_TARGET = 13.2;
				MTL_ENABLE_DEBUG_INFO = NO;
				MTL_FAST_MATH = YES;
				SDKROOT = iphoneos;
				SWIFT_COMPILATION_MODE = wholemodule;
				SWIFT_OPTIMIZATION_LEVEL = "-O";
				VALIDATE_PRODUCT = YES;
			};
			name = Release;
		};
		CDB825B02394C9D200B06065 /* Debug */ = {
			isa = XCBuildConfiguration;
			buildSettings = {
				ASSETCATALOG_COMPILER_APPICON_NAME = AppIcon;
				CODE_SIGN_STYLE = Automatic;
				DEVELOPMENT_ASSET_PATHS = "\"Movie Night/Resources\"";
				DEVELOPMENT_TEAM = MHDYMDZF9U;
				ENABLE_PREVIEWS = YES;
				INFOPLIST_FILE = "Movie Night/Resources/Info.plist";
				LD_RUNPATH_SEARCH_PATHS = (
					"$(inherited)",
					"@executable_path/Frameworks",
				);
				PRODUCT_BUNDLE_IDENTIFIER = "com.wildlings.Movie-Night";
				PRODUCT_NAME = "$(TARGET_NAME)";
				SWIFT_VERSION = 5.0;
				TARGETED_DEVICE_FAMILY = 1;
			};
			name = Debug;
		};
		CDB825B12394C9D200B06065 /* Release */ = {
			isa = XCBuildConfiguration;
			buildSettings = {
				ASSETCATALOG_COMPILER_APPICON_NAME = AppIcon;
				CODE_SIGN_STYLE = Automatic;
				DEVELOPMENT_ASSET_PATHS = "\"Movie Night/Resources\"";
				DEVELOPMENT_TEAM = MHDYMDZF9U;
				ENABLE_PREVIEWS = YES;
				INFOPLIST_FILE = "Movie Night/Resources/Info.plist";
				LD_RUNPATH_SEARCH_PATHS = (
					"$(inherited)",
					"@executable_path/Frameworks",
				);
				PRODUCT_BUNDLE_IDENTIFIER = "com.wildlings.Movie-Night";
				PRODUCT_NAME = "$(TARGET_NAME)";
				SWIFT_VERSION = 5.0;
				TARGETED_DEVICE_FAMILY = 1;
			};
			name = Release;
		};
		CDB825B32394C9D200B06065 /* Debug */ = {
			isa = XCBuildConfiguration;
			buildSettings = {
				ALWAYS_EMBED_SWIFT_STANDARD_LIBRARIES = YES;
				BUNDLE_LOADER = "$(TEST_HOST)";
				CODE_SIGN_STYLE = Automatic;
				DEVELOPMENT_TEAM = MHDYMDZF9U;
				INFOPLIST_FILE = "Movie NightTests/Info.plist";
				IPHONEOS_DEPLOYMENT_TARGET = 13.2;
				LD_RUNPATH_SEARCH_PATHS = (
					"$(inherited)",
					"@executable_path/Frameworks",
					"@loader_path/Frameworks",
				);
				PRODUCT_BUNDLE_IDENTIFIER = "com.wildlings.Movie-NightTests";
				PRODUCT_NAME = "$(TARGET_NAME)";
				SWIFT_VERSION = 5.0;
				TARGETED_DEVICE_FAMILY = "1,2";
				TEST_HOST = "$(BUILT_PRODUCTS_DIR)/Movie Night.app/Movie Night";
			};
			name = Debug;
		};
		CDB825B42394C9D200B06065 /* Release */ = {
			isa = XCBuildConfiguration;
			buildSettings = {
				ALWAYS_EMBED_SWIFT_STANDARD_LIBRARIES = YES;
				BUNDLE_LOADER = "$(TEST_HOST)";
				CODE_SIGN_STYLE = Automatic;
				DEVELOPMENT_TEAM = MHDYMDZF9U;
				INFOPLIST_FILE = "Movie NightTests/Info.plist";
				IPHONEOS_DEPLOYMENT_TARGET = 13.2;
				LD_RUNPATH_SEARCH_PATHS = (
					"$(inherited)",
					"@executable_path/Frameworks",
					"@loader_path/Frameworks",
				);
				PRODUCT_BUNDLE_IDENTIFIER = "com.wildlings.Movie-NightTests";
				PRODUCT_NAME = "$(TARGET_NAME)";
				SWIFT_VERSION = 5.0;
				TARGETED_DEVICE_FAMILY = "1,2";
				TEST_HOST = "$(BUILT_PRODUCTS_DIR)/Movie Night.app/Movie Night";
			};
			name = Release;
		};
/* End XCBuildConfiguration section */

/* Begin XCConfigurationList section */
		CDB8258B2394C9D000B06065 /* Build configuration list for PBXProject "Movie Night" */ = {
			isa = XCConfigurationList;
			buildConfigurations = (
				CDB825AD2394C9D200B06065 /* Debug */,
				CDB825AE2394C9D200B06065 /* Release */,
			);
			defaultConfigurationIsVisible = 0;
			defaultConfigurationName = Release;
		};
		CDB825AF2394C9D200B06065 /* Build configuration list for PBXNativeTarget "Movie Night" */ = {
			isa = XCConfigurationList;
			buildConfigurations = (
				CDB825B02394C9D200B06065 /* Debug */,
				CDB825B12394C9D200B06065 /* Release */,
			);
			defaultConfigurationIsVisible = 0;
			defaultConfigurationName = Release;
		};
		CDB825B22394C9D200B06065 /* Build configuration list for PBXNativeTarget "Movie NightTests" */ = {
			isa = XCConfigurationList;
			buildConfigurations = (
				CDB825B32394C9D200B06065 /* Debug */,
				CDB825B42394C9D200B06065 /* Release */,
			);
			defaultConfigurationIsVisible = 0;
			defaultConfigurationName = Release;
		};
/* End XCConfigurationList section */

/* Begin XCRemoteSwiftPackageReference section */
		CD528B7123B05C2B00E52317 /* XCRemoteSwiftPackageReference "ReSwift" */ = {
			isa = XCRemoteSwiftPackageReference;
			repositoryURL = "https://github.com/ReSwift/ReSwift.git";
			requirement = {
				kind = upToNextMinorVersion;
				minimumVersion = 5.0.0;
			};
		};
		CD86176423B4588000FE1024 /* XCRemoteSwiftPackageReference "SwiftUIFlux" */ = {
			isa = XCRemoteSwiftPackageReference;
			repositoryURL = "https://github.com/Dimillian/SwiftUIFlux";
			requirement = {
				kind = upToNextMinorVersion;
				minimumVersion = 0.4.5;
			};
		};
/* End XCRemoteSwiftPackageReference section */

/* Begin XCSwiftPackageProductDependency section */
		CD528B7223B05C2B00E52317 /* ReSwift */ = {
			isa = XCSwiftPackageProductDependency;
			package = CD528B7123B05C2B00E52317 /* XCRemoteSwiftPackageReference "ReSwift" */;
			productName = ReSwift;
		};
		CD86176523B4588000FE1024 /* SwiftUIFlux */ = {
			isa = XCSwiftPackageProductDependency;
			package = CD86176423B4588000FE1024 /* XCRemoteSwiftPackageReference "SwiftUIFlux" */;
			productName = SwiftUIFlux;
		};
/* End XCSwiftPackageProductDependency section */
	};
	rootObject = CDB825882394C9D000B06065 /* Project object */;
}
