// !$*UTF8*$!
{
	archiveVersion = 1;
	classes = {
	};
	objectVersion = 50;
	objects = {

/* Begin PBXBuildFile section */
		CD528B5423ABA79B00E52317 /* CircularAvatarView.swift in Sources */ = {isa = PBXBuildFile; fileRef = CD528B5323ABA79B00E52317 /* CircularAvatarView.swift */; };
		CD528B5C23ACAB5C00E52317 /* AvatarGroupView.swift in Sources */ = {isa = PBXBuildFile; fileRef = CD528B5B23ACAB5C00E52317 /* AvatarGroupView.swift */; };
		CD528B5E23AF3D9400E52317 /* PosterGridScrollView.swift in Sources */ = {isa = PBXBuildFile; fileRef = CD528B5D23AF3D9400E52317 /* PosterGridScrollView.swift */; };
		CD528B6123AF5CBF00E52317 /* MovieListView.swift in Sources */ = {isa = PBXBuildFile; fileRef = CD528B6023AF5CBF00E52317 /* MovieListView.swift */; };
		CD528B6623AF75BE00E52317 /* Movie.swift in Sources */ = {isa = PBXBuildFile; fileRef = CD528B6523AF75BE00E52317 /* Movie.swift */; };
		CDB825942394C9D000B06065 /* AppDelegate.swift in Sources */ = {isa = PBXBuildFile; fileRef = CDB825932394C9D000B06065 /* AppDelegate.swift */; };
		CDB825962394C9D000B06065 /* SceneDelegate.swift in Sources */ = {isa = PBXBuildFile; fileRef = CDB825952394C9D000B06065 /* SceneDelegate.swift */; };
		CDB8259A2394C9D200B06065 /* Assets.xcassets in Resources */ = {isa = PBXBuildFile; fileRef = CDB825992394C9D200B06065 /* Assets.xcassets */; };
		CDB8259D2394C9D200B06065 /* Preview Assets.xcassets in Resources */ = {isa = PBXBuildFile; fileRef = CDB8259C2394C9D200B06065 /* Preview Assets.xcassets */; };
		CDB825A02394C9D200B06065 /* LaunchScreen.storyboard in Resources */ = {isa = PBXBuildFile; fileRef = CDB8259E2394C9D200B06065 /* LaunchScreen.storyboard */; };
		CDB825AB2394C9D200B06065 /* Movie_NightTests.swift in Sources */ = {isa = PBXBuildFile; fileRef = CDB825AA2394C9D200B06065 /* Movie_NightTests.swift */; };
/* End PBXBuildFile section */

/* Begin PBXContainerItemProxy section */
		CDB825A72394C9D200B06065 /* PBXContainerItemProxy */ = {
			isa = PBXContainerItemProxy;
			containerPortal = CDB825882394C9D000B06065 /* Project object */;
			proxyType = 1;
			remoteGlobalIDString = CDB8258F2394C9D000B06065;
			remoteInfo = "Movie Night";
		};
/* End PBXContainerItemProxy section */

/* Begin PBXFileReference section */
		CD528B5323ABA79B00E52317 /* CircularAvatarView.swift */ = {isa = PBXFileReference; lastKnownFileType = sourcecode.swift; path = CircularAvatarView.swift; sourceTree = "<group>"; };
		CD528B5B23ACAB5C00E52317 /* AvatarGroupView.swift */ = {isa = PBXFileReference; lastKnownFileType = sourcecode.swift; path = AvatarGroupView.swift; sourceTree = "<group>"; };
		CD528B5D23AF3D9400E52317 /* PosterGridScrollView.swift */ = {isa = PBXFileReference; lastKnownFileType = sourcecode.swift; path = PosterGridScrollView.swift; sourceTree = "<group>"; };
		CD528B6023AF5CBF00E52317 /* MovieListView.swift */ = {isa = PBXFileReference; lastKnownFileType = sourcecode.swift; path = MovieListView.swift; sourceTree = "<group>"; };
		CD528B6523AF75BE00E52317 /* Movie.swift */ = {isa = PBXFileReference; lastKnownFileType = sourcecode.swift; path = Movie.swift; sourceTree = "<group>"; };
		CDB825902394C9D000B06065 /* Movie Night.app */ = {isa = PBXFileReference; explicitFileType = wrapper.application; includeInIndex = 0; path = "Movie Night.app"; sourceTree = BUILT_PRODUCTS_DIR; };
		CDB825932394C9D000B06065 /* AppDelegate.swift */ = {isa = PBXFileReference; lastKnownFileType = sourcecode.swift; path = AppDelegate.swift; sourceTree = "<group>"; };
		CDB825952394C9D000B06065 /* SceneDelegate.swift */ = {isa = PBXFileReference; lastKnownFileType = sourcecode.swift; path = SceneDelegate.swift; sourceTree = "<group>"; };
		CDB825992394C9D200B06065 /* Assets.xcassets */ = {isa = PBXFileReference; lastKnownFileType = folder.assetcatalog; path = Assets.xcassets; sourceTree = "<group>"; };
		CDB8259C2394C9D200B06065 /* Preview Assets.xcassets */ = {isa = PBXFileReference; lastKnownFileType = folder.assetcatalog; path = "Preview Assets.xcassets"; sourceTree = "<group>"; };
		CDB8259F2394C9D200B06065 /* Base */ = {isa = PBXFileReference; lastKnownFileType = file.storyboard; name = Base; path = Base.lproj/LaunchScreen.storyboard; sourceTree = "<group>"; };
		CDB825A12394C9D200B06065 /* Info.plist */ = {isa = PBXFileReference; lastKnownFileType = text.plist.xml; path = Info.plist; sourceTree = "<group>"; };
		CDB825A62394C9D200B06065 /* Movie NightTests.xctest */ = {isa = PBXFileReference; explicitFileType = wrapper.cfbundle; includeInIndex = 0; path = "Movie NightTests.xctest"; sourceTree = BUILT_PRODUCTS_DIR; };
		CDB825AA2394C9D200B06065 /* Movie_NightTests.swift */ = {isa = PBXFileReference; lastKnownFileType = sourcecode.swift; path = Movie_NightTests.swift; sourceTree = "<group>"; };
		CDB825AC2394C9D200B06065 /* Info.plist */ = {isa = PBXFileReference; lastKnownFileType = text.plist.xml; path = Info.plist; sourceTree = "<group>"; };
/* End PBXFileReference section */

/* Begin PBXFrameworksBuildPhase section */
		CDB8258D2394C9D000B06065 /* Frameworks */ = {
			isa = PBXFrameworksBuildPhase;
			buildActionMask = 2147483647;
			files = (
			);
			runOnlyForDeploymentPostprocessing = 0;
		};
		CDB825A32394C9D200B06065 /* Frameworks */ = {
			isa = PBXFrameworksBuildPhase;
			buildActionMask = 2147483647;
			files = (
			);
			runOnlyForDeploymentPostprocessing = 0;
		};
/* End PBXFrameworksBuildPhase section */

/* Begin PBXGroup section */
		CD528B5223ABA73000E52317 /* UI */ = {
			isa = PBXGroup;
			children = (
				CD528B5323ABA79B00E52317 /* CircularAvatarView.swift */,
				CD528B5B23ACAB5C00E52317 /* AvatarGroupView.swift */,
				CD528B5D23AF3D9400E52317 /* PosterGridScrollView.swift */,
			);
			path = UI;
			sourceTree = "<group>";
		};
		CD528B6423AF758100E52317 /* Model */ = {
			isa = PBXGroup;
			children = (
				CD528B6523AF75BE00E52317 /* Movie.swift */,
			);
			path = Model;
			sourceTree = "<group>";
		};
		CD528B6723AF766D00E52317 /* View */ = {
			isa = PBXGroup;
			children = (
				CD528B6023AF5CBF00E52317 /* MovieListView.swift */,
			);
			path = View;
			sourceTree = "<group>";
		};
		CDB825872394C9D000B06065 = {
			isa = PBXGroup;
			children = (
				CDB825922394C9D000B06065 /* Movie Night */,
				CDB825A92394C9D200B06065 /* Movie NightTests */,
				CDB825912394C9D000B06065 /* Products */,
			);
			sourceTree = "<group>";
		};
		CDB825912394C9D000B06065 /* Products */ = {
			isa = PBXGroup;
			children = (
				CDB825902394C9D000B06065 /* Movie Night.app */,
				CDB825A62394C9D200B06065 /* Movie NightTests.xctest */,
			);
			name = Products;
			sourceTree = "<group>";
		};
		CDB825922394C9D000B06065 /* Movie Night */ = {
			isa = PBXGroup;
			children = (
				CD528B6723AF766D00E52317 /* View */,
				CD528B6423AF758100E52317 /* Model */,
				CD528B5223ABA73000E52317 /* UI */,
				CDB825932394C9D000B06065 /* AppDelegate.swift */,
				CDB825952394C9D000B06065 /* SceneDelegate.swift */,
				CDB825992394C9D200B06065 /* Assets.xcassets */,
				CDB8259E2394C9D200B06065 /* LaunchScreen.storyboard */,
				CDB825A12394C9D200B06065 /* Info.plist */,
				CDB8259B2394C9D200B06065 /* Preview Content */,
			);
			path = "Movie Night";
			sourceTree = "<group>";
		};
		CDB8259B2394C9D200B06065 /* Preview Content */ = {
			isa = PBXGroup;
			children = (
				CDB8259C2394C9D200B06065 /* Preview Assets.xcassets */,
			);
			path = "Preview Content";
			sourceTree = "<group>";
		};
		CDB825A92394C9D200B06065 /* Movie NightTests */ = {
			isa = PBXGroup;
			children = (
				CDB825AA2394C9D200B06065 /* Movie_NightTests.swift */,
				CDB825AC2394C9D200B06065 /* Info.plist */,
			);
			path = "Movie NightTests";
			sourceTree = "<group>";
		};
/* End PBXGroup section */

/* Begin PBXNativeTarget section */
		CDB8258F2394C9D000B06065 /* Movie Night */ = {
			isa = PBXNativeTarget;
			buildConfigurationList = CDB825AF2394C9D200B06065 /* Build configuration list for PBXNativeTarget "Movie Night" */;
			buildPhases = (
				CDB8258C2394C9D000B06065 /* Sources */,
				CDB8258D2394C9D000B06065 /* Frameworks */,
				CDB8258E2394C9D000B06065 /* Resources */,
			);
			buildRules = (
			);
			dependencies = (
			);
			name = "Movie Night";
			productName = "Movie Night";
			productReference = CDB825902394C9D000B06065 /* Movie Night.app */;
			productType = "com.apple.product-type.application";
		};
		CDB825A52394C9D200B06065 /* Movie NightTests */ = {
			isa = PBXNativeTarget;
			buildConfigurationList = CDB825B22394C9D200B06065 /* Build configuration list for PBXNativeTarget "Movie NightTests" */;
			buildPhases = (
				CDB825A22394C9D200B06065 /* Sources */,
				CDB825A32394C9D200B06065 /* Frameworks */,
				CDB825A42394C9D200B06065 /* Resources */,
			);
			buildRules = (
			);
			dependencies = (
				CDB825A82394C9D200B06065 /* PBXTargetDependency */,
			);
			name = "Movie NightTests";
			productName = "Movie NightTests";
			productReference = CDB825A62394C9D200B06065 /* Movie NightTests.xctest */;
			productType = "com.apple.product-type.bundle.unit-test";
		};
/* End PBXNativeTarget section */

/* Begin PBXProject section */
		CDB825882394C9D000B06065 /* Project object */ = {
			isa = PBXProject;
			attributes = {
				LastSwiftUpdateCheck = 1120;
				LastUpgradeCheck = 1120;
				ORGANIZATIONNAME = Wildlings;
				TargetAttributes = {
					CDB8258F2394C9D000B06065 = {
						CreatedOnToolsVersion = 11.2.1;
					};
					CDB825A52394C9D200B06065 = {
						CreatedOnToolsVersion = 11.2.1;
						TestTargetID = CDB8258F2394C9D000B06065;
					};
				};
			};
			buildConfigurationList = CDB8258B2394C9D000B06065 /* Build configuration list for PBXProject "Movie Night" */;
			compatibilityVersion = "Xcode 9.3";
			developmentRegion = en;
			hasScannedForEncodings = 0;
			knownRegions = (
				en,
				Base,
			);
			mainGroup = CDB825872394C9D000B06065;
			productRefGroup = CDB825912394C9D000B06065 /* Products */;
			projectDirPath = "";
			projectRoot = "";
			targets = (
				CDB8258F2394C9D000B06065 /* Movie Night */,
				CDB825A52394C9D200B06065 /* Movie NightTests */,
			);
		};
/* End PBXProject section */

/* Begin PBXResourcesBuildPhase section */
		CDB8258E2394C9D000B06065 /* Resources */ = {
			isa = PBXResourcesBuildPhase;
			buildActionMask = 2147483647;
			files = (
				CDB825A02394C9D200B06065 /* LaunchScreen.storyboard in Resources */,
				CDB8259D2394C9D200B06065 /* Preview Assets.xcassets in Resources */,
				CDB8259A2394C9D200B06065 /* Assets.xcassets in Resources */,
			);
			runOnlyForDeploymentPostprocessing = 0;
		};
		CDB825A42394C9D200B06065 /* Resources */ = {
			isa = PBXResourcesBuildPhase;
			buildActionMask = 2147483647;
			files = (
			);
			runOnlyForDeploymentPostprocessing = 0;
		};
/* End PBXResourcesBuildPhase section */

/* Begin PBXSourcesBuildPhase section */
		CDB8258C2394C9D000B06065 /* Sources */ = {
			isa = PBXSourcesBuildPhase;
			buildActionMask = 2147483647;
			files = (
				CDB825942394C9D000B06065 /* AppDelegate.swift in Sources */,
				CD528B6123AF5CBF00E52317 /* MovieListView.swift in Sources */,
				CD528B6623AF75BE00E52317 /* Movie.swift in Sources */,
				CDB825962394C9D000B06065 /* SceneDelegate.swift in Sources */,
				CD528B5C23ACAB5C00E52317 /* AvatarGroupView.swift in Sources */,
				CD528B5423ABA79B00E52317 /* CircularAvatarView.swift in Sources */,
				CD528B5E23AF3D9400E52317 /* PosterGridScrollView.swift in Sources */,
			);
			runOnlyForDeploymentPostprocessing = 0;
		};
		CDB825A22394C9D200B06065 /* Sources */ = {
			isa = PBXSourcesBuildPhase;
			buildActionMask = 2147483647;
			files = (
				CDB825AB2394C9D200B06065 /* Movie_NightTests.swift in Sources */,
			);
			runOnlyForDeploymentPostprocessing = 0;
		};
/* End PBXSourcesBuildPhase section */

/* Begin PBXTargetDependency section */
		CDB825A82394C9D200B06065 /* PBXTargetDependency */ = {
			isa = PBXTargetDependency;
			target = CDB8258F2394C9D000B06065 /* Movie Night */;
			targetProxy = CDB825A72394C9D200B06065 /* PBXContainerItemProxy */;
		};
/* End PBXTargetDependency section */

/* Begin PBXVariantGroup section */
		CDB8259E2394C9D200B06065 /* LaunchScreen.storyboard */ = {
			isa = PBXVariantGroup;
			children = (
				CDB8259F2394C9D200B06065 /* Base */,
			);
			name = LaunchScreen.storyboard;
			sourceTree = "<group>";
		};
/* End PBXVariantGroup section */

/* Begin XCBuildConfiguration section */
		CDB825AD2394C9D200B06065 /* Debug */ = {
			isa = XCBuildConfiguration;
			buildSettings = {
				ALWAYS_SEARCH_USER_PATHS = NO;
				CLANG_ANALYZER_NONNULL = YES;
				CLANG_ANALYZER_NUMBER_OBJECT_CONVERSION = YES_AGGRESSIVE;
				CLANG_CXX_LANGUAGE_STANDARD = "gnu++14";
				CLANG_CXX_LIBRARY = "libc++";
				CLANG_ENABLE_MODULES = YES;
				CLANG_ENABLE_OBJC_ARC = YES;
				CLANG_ENABLE_OBJC_WEAK = YES;
				CLANG_WARN_BLOCK_CAPTURE_AUTORELEASING = YES;
				CLANG_WARN_BOOL_CONVERSION = YES;
				CLANG_WARN_COMMA = YES;
				CLANG_WARN_CONSTANT_CONVERSION = YES;
				CLANG_WARN_DEPRECATED_OBJC_IMPLEMENTATIONS = YES;
				CLANG_WARN_DIRECT_OBJC_ISA_USAGE = YES_ERROR;
				CLANG_WARN_DOCUMENTATION_COMMENTS = YES;
				CLANG_WARN_EMPTY_BODY = YES;
				CLANG_WARN_ENUM_CONVERSION = YES;
				CLANG_WARN_INFINITE_RECURSION = YES;
				CLANG_WARN_INT_CONVERSION = YES;
				CLANG_WARN_NON_LITERAL_NULL_CONVERSION = YES;
				CLANG_WARN_OBJC_IMPLICIT_RETAIN_SELF = YES;
				CLANG_WARN_OBJC_LITERAL_CONVERSION = YES;
				CLANG_WARN_OBJC_ROOT_CLASS = YES_ERROR;
				CLANG_WARN_RANGE_LOOP_ANALYSIS = YES;
				CLANG_WARN_STRICT_PROTOTYPES = YES;
				CLANG_WARN_SUSPICIOUS_MOVE = YES;
				CLANG_WARN_UNGUARDED_AVAILABILITY = YES_AGGRESSIVE;
				CLANG_WARN_UNREACHABLE_CODE = YES;
				CLANG_WARN__DUPLICATE_METHOD_MATCH = YES;
				COPY_PHASE_STRIP = NO;
				DEBUG_INFORMATION_FORMAT = dwarf;
				ENABLE_STRICT_OBJC_MSGSEND = YES;
				ENABLE_TESTABILITY = YES;
				GCC_C_LANGUAGE_STANDARD = gnu11;
				GCC_DYNAMIC_NO_PIC = NO;
				GCC_NO_COMMON_BLOCKS = YES;
				GCC_OPTIMIZATION_LEVEL = 0;
				GCC_PREPROCESSOR_DEFINITIONS = (
					"DEBUG=1",
					"$(inherited)",
				);
				GCC_WARN_64_TO_32_BIT_CONVERSION = YES;
				GCC_WARN_ABOUT_RETURN_TYPE = YES_ERROR;
				GCC_WARN_UNDECLARED_SELECTOR = YES;
				GCC_WARN_UNINITIALIZED_AUTOS = YES_AGGRESSIVE;
				GCC_WARN_UNUSED_FUNCTION = YES;
				GCC_WARN_UNUSED_VARIABLE = YES;
				IPHONEOS_DEPLOYMENT_TARGET = 13.2;
				MTL_ENABLE_DEBUG_INFO = INCLUDE_SOURCE;
				MTL_FAST_MATH = YES;
				ONLY_ACTIVE_ARCH = YES;
				SDKROOT = iphoneos;
				SWIFT_ACTIVE_COMPILATION_CONDITIONS = DEBUG;
				SWIFT_OPTIMIZATION_LEVEL = "-Onone";
			};
			name = Debug;
		};
		CDB825AE2394C9D200B06065 /* Release */ = {
			isa = XCBuildConfiguration;
			buildSettings = {
				ALWAYS_SEARCH_USER_PATHS = NO;
				CLANG_ANALYZER_NONNULL = YES;
				CLANG_ANALYZER_NUMBER_OBJECT_CONVERSION = YES_AGGRESSIVE;
				CLANG_CXX_LANGUAGE_STANDARD = "gnu++14";
				CLANG_CXX_LIBRARY = "libc++";
				CLANG_ENABLE_MODULES = YES;
				CLANG_ENABLE_OBJC_ARC = YES;
				CLANG_ENABLE_OBJC_WEAK = YES;
				CLANG_WARN_BLOCK_CAPTURE_AUTORELEASING = YES;
				CLANG_WARN_BOOL_CONVERSION = YES;
				CLANG_WARN_COMMA = YES;
				CLANG_WARN_CONSTANT_CONVERSION = YES;
				CLANG_WARN_DEPRECATED_OBJC_IMPLEMENTATIONS = YES;
				CLANG_WARN_DIRECT_OBJC_ISA_USAGE = YES_ERROR;
				CLANG_WARN_DOCUMENTATION_COMMENTS = YES;
				CLANG_WARN_EMPTY_BODY = YES;
				CLANG_WARN_ENUM_CONVERSION = YES;
				CLANG_WARN_INFINITE_RECURSION = YES;
				CLANG_WARN_INT_CONVERSION = YES;
				CLANG_WARN_NON_LITERAL_NULL_CONVERSION = YES;
				CLANG_WARN_OBJC_IMPLICIT_RETAIN_SELF = YES;
				CLANG_WARN_OBJC_LITERAL_CONVERSION = YES;
				CLANG_WARN_OBJC_ROOT_CLASS = YES_ERROR;
				CLANG_WARN_RANGE_LOOP_ANALYSIS = YES;
				CLANG_WARN_STRICT_PROTOTYPES = YES;
				CLANG_WARN_SUSPICIOUS_MOVE = YES;
				CLANG_WARN_UNGUARDED_AVAILABILITY = YES_AGGRESSIVE;
				CLANG_WARN_UNREACHABLE_CODE = YES;
				CLANG_WARN__DUPLICATE_METHOD_MATCH = YES;
				COPY_PHASE_STRIP = NO;
				DEBUG_INFORMATION_FORMAT = "dwarf-with-dsym";
				ENABLE_NS_ASSERTIONS = NO;
				ENABLE_STRICT_OBJC_MSGSEND = YES;
				GCC_C_LANGUAGE_STANDARD = gnu11;
				GCC_NO_COMMON_BLOCKS = YES;
				GCC_WARN_64_TO_32_BIT_CONVERSION = YES;
				GCC_WARN_ABOUT_RETURN_TYPE = YES_ERROR;
				GCC_WARN_UNDECLARED_SELECTOR = YES;
				GCC_WARN_UNINITIALIZED_AUTOS = YES_AGGRESSIVE;
				GCC_WARN_UNUSED_FUNCTION = YES;
				GCC_WARN_UNUSED_VARIABLE = YES;
				IPHONEOS_DEPLOYMENT_TARGET = 13.2;
				MTL_ENABLE_DEBUG_INFO = NO;
				MTL_FAST_MATH = YES;
				SDKROOT = iphoneos;
				SWIFT_COMPILATION_MODE = wholemodule;
				SWIFT_OPTIMIZATION_LEVEL = "-O";
				VALIDATE_PRODUCT = YES;
			};
			name = Release;
		};
		CDB825B02394C9D200B06065 /* Debug */ = {
			isa = XCBuildConfiguration;
			buildSettings = {
				ASSETCATALOG_COMPILER_APPICON_NAME = AppIcon;
				CODE_SIGN_STYLE = Automatic;
				DEVELOPMENT_ASSET_PATHS = "\"Movie Night/Preview Content\"";
				DEVELOPMENT_TEAM = MHDYMDZF9U;
				ENABLE_PREVIEWS = YES;
				INFOPLIST_FILE = "Movie Night/Info.plist";
				LD_RUNPATH_SEARCH_PATHS = (
					"$(inherited)",
					"@executable_path/Frameworks",
				);
				PRODUCT_BUNDLE_IDENTIFIER = "com.wildlings.Movie-Night";
				PRODUCT_NAME = "$(TARGET_NAME)";
				SWIFT_VERSION = 5.0;
				TARGETED_DEVICE_FAMILY = 1;
			};
			name = Debug;
		};
		CDB825B12394C9D200B06065 /* Release */ = {
			isa = XCBuildConfiguration;
			buildSettings = {
				ASSETCATALOG_COMPILER_APPICON_NAME = AppIcon;
				CODE_SIGN_STYLE = Automatic;
				DEVELOPMENT_ASSET_PATHS = "\"Movie Night/Preview Content\"";
				DEVELOPMENT_TEAM = MHDYMDZF9U;
				ENABLE_PREVIEWS = YES;
				INFOPLIST_FILE = "Movie Night/Info.plist";
				LD_RUNPATH_SEARCH_PATHS = (
					"$(inherited)",
					"@executable_path/Frameworks",
				);
				PRODUCT_BUNDLE_IDENTIFIER = "com.wildlings.Movie-Night";
				PRODUCT_NAME = "$(TARGET_NAME)";
				SWIFT_VERSION = 5.0;
				TARGETED_DEVICE_FAMILY = 1;
			};
			name = Release;
		};
		CDB825B32394C9D200B06065 /* Debug */ = {
			isa = XCBuildConfiguration;
			buildSettings = {
				ALWAYS_EMBED_SWIFT_STANDARD_LIBRARIES = YES;
				BUNDLE_LOADER = "$(TEST_HOST)";
				CODE_SIGN_STYLE = Automatic;
				DEVELOPMENT_TEAM = MHDYMDZF9U;
				INFOPLIST_FILE = "Movie NightTests/Info.plist";
				IPHONEOS_DEPLOYMENT_TARGET = 13.2;
				LD_RUNPATH_SEARCH_PATHS = (
					"$(inherited)",
					"@executable_path/Frameworks",
					"@loader_path/Frameworks",
				);
				PRODUCT_BUNDLE_IDENTIFIER = "com.wildlings.Movie-NightTests";
				PRODUCT_NAME = "$(TARGET_NAME)";
				SWIFT_VERSION = 5.0;
				TARGETED_DEVICE_FAMILY = "1,2";
				TEST_HOST = "$(BUILT_PRODUCTS_DIR)/Movie Night.app/Movie Night";
			};
			name = Debug;
		};
		CDB825B42394C9D200B06065 /* Release */ = {
			isa = XCBuildConfiguration;
			buildSettings = {
				ALWAYS_EMBED_SWIFT_STANDARD_LIBRARIES = YES;
				BUNDLE_LOADER = "$(TEST_HOST)";
				CODE_SIGN_STYLE = Automatic;
				DEVELOPMENT_TEAM = MHDYMDZF9U;
				INFOPLIST_FILE = "Movie NightTests/Info.plist";
				IPHONEOS_DEPLOYMENT_TARGET = 13.2;
				LD_RUNPATH_SEARCH_PATHS = (
					"$(inherited)",
					"@executable_path/Frameworks",
					"@loader_path/Frameworks",
				);
				PRODUCT_BUNDLE_IDENTIFIER = "com.wildlings.Movie-NightTests";
				PRODUCT_NAME = "$(TARGET_NAME)";
				SWIFT_VERSION = 5.0;
				TARGETED_DEVICE_FAMILY = "1,2";
				TEST_HOST = "$(BUILT_PRODUCTS_DIR)/Movie Night.app/Movie Night";
			};
			name = Release;
		};
/* End XCBuildConfiguration section */

/* Begin XCConfigurationList section */
		CDB8258B2394C9D000B06065 /* Build configuration list for PBXProject "Movie Night" */ = {
			isa = XCConfigurationList;
			buildConfigurations = (
				CDB825AD2394C9D200B06065 /* Debug */,
				CDB825AE2394C9D200B06065 /* Release */,
			);
			defaultConfigurationIsVisible = 0;
			defaultConfigurationName = Release;
		};
		CDB825AF2394C9D200B06065 /* Build configuration list for PBXNativeTarget "Movie Night" */ = {
			isa = XCConfigurationList;
			buildConfigurations = (
				CDB825B02394C9D200B06065 /* Debug */,
				CDB825B12394C9D200B06065 /* Release */,
			);
			defaultConfigurationIsVisible = 0;
			defaultConfigurationName = Release;
		};
		CDB825B22394C9D200B06065 /* Build configuration list for PBXNativeTarget "Movie NightTests" */ = {
			isa = XCConfigurationList;
			buildConfigurations = (
				CDB825B32394C9D200B06065 /* Debug */,
				CDB825B42394C9D200B06065 /* Release */,
			);
			defaultConfigurationIsVisible = 0;
			defaultConfigurationName = Release;
		};
/* End XCConfigurationList section */
	};
	rootObject = CDB825882394C9D000B06065 /* Project object */;
}
